
Microsoft Visual Studio Solution File, Format Version 12.00
# Visual Studio Version 16
VisualStudioVersion = 16.0.31624.102
MinimumVisualStudioVersion = 10.0.40219.1
Project("{FAE04EC0-301F-11D3-BF4B-00C04F79EFBC}") = "ejercicio01", "ejercicio01.csproj", "{8CEEEE23-DFA1-4FFB-A814-1514FAD1287E}"
EndProject
Project("{FAE04EC0-301F-11D3-BF4B-00C04F79EFBC}") = "ejercicio02", "..\ejercicio02\ejercicio02.csproj", "{9B2042D6-CDEA-4341-B138-47B898B8E749}"
EndProject
Project("{FAE04EC0-301F-11D3-BF4B-00C04F79EFBC}") = "ejercicio03", "..\ejercicio03\ejercicio03.csproj", "{A018FFEE-50AB-4B31-8FE7-D42CB9BF1816}"
EndProject
Project("{FAE04EC0-301F-11D3-BF4B-00C04F79EFBC}") = "ejercicio04", "..\ejercicio04\ejercicio04.csproj", "{2297F266-0B3A-4AA5-A3F2-BAFFC4B0162E}"
EndProject
Project("{FAE04EC0-301F-11D3-BF4B-00C04F79EFBC}") = "ejercicio05", "..\ejercicio05\ejercicio05.csproj", "{3BB73F85-E74B-4E13-BC58-10D6799D00B3}"
EndProject
Global
	GlobalSection(SolutionConfigurationPlatforms) = preSolution
		Debug|Any CPU = Debug|Any CPU
		Release|Any CPU = Release|Any CPU
	EndGlobalSection
	GlobalSection(ProjectConfigurationPlatforms) = postSolution
		{8CEEEE23-DFA1-4FFB-A814-1514FAD1287E}.Debug|Any CPU.ActiveCfg = Debug|Any CPU
		{8CEEEE23-DFA1-4FFB-A814-1514FAD1287E}.Debug|Any CPU.Build.0 = Debug|Any CPU
		{8CEEEE23-DFA1-4FFB-A814-1514FAD1287E}.Release|Any CPU.ActiveCfg = Release|Any CPU
		{8CEEEE23-DFA1-4FFB-A814-1514FAD1287E}.Release|Any CPU.Build.0 = Release|Any CPU
		{9B2042D6-CDEA-4341-B138-47B898B8E749}.Debug|Any CPU.ActiveCfg = Debug|Any CPU
		{9B2042D6-CDEA-4341-B138-47B898B8E749}.Debug|Any CPU.Build.0 = Debug|Any CPU
		{9B2042D6-CDEA-4341-B138-47B898B8E749}.Release|Any CPU.ActiveCfg = Release|Any CPU
		{9B2042D6-CDEA-4341-B138-47B898B8E749}.Release|Any CPU.Build.0 = Release|Any CPU
		{A018FFEE-50AB-4B31-8FE7-D42CB9BF1816}.Debug|Any CPU.ActiveCfg = Debug|Any CPU
		{A018FFEE-50AB-4B31-8FE7-D42CB9BF1816}.Debug|Any CPU.Build.0 = Debug|Any CPU
		{A018FFEE-50AB-4B31-8FE7-D42CB9BF1816}.Release|Any CPU.ActiveCfg = Release|Any CPU
		{A018FFEE-50AB-4B31-8FE7-D42CB9BF1816}.Release|Any CPU.Build.0 = Release|Any CPU
		{2297F266-0B3A-4AA5-A3F2-BAFFC4B0162E}.Debug|Any CPU.ActiveCfg = Debug|Any CPU
		{2297F266-0B3A-4AA5-A3F2-BAFFC4B0162E}.Debug|Any CPU.Build.0 = Debug|Any CPU
		{2297F266-0B3A-4AA5-A3F2-BAFFC4B0162E}.Release|Any CPU.ActiveCfg = Release|Any CPU
		{2297F266-0B3A-4AA5-A3F2-BAFFC4B0162E}.Release|Any CPU.Build.0 = Release|Any CPU
		{3BB73F85-E74B-4E13-BC58-10D6799D00B3}.Debug|Any CPU.ActiveCfg = Debug|Any CPU
		{3BB73F85-E74B-4E13-BC58-10D6799D00B3}.Debug|Any CPU.Build.0 = Debug|Any CPU
		{3BB73F85-E74B-4E13-BC58-10D6799D00B3}.Release|Any CPU.ActiveCfg = Release|Any CPU
		{3BB73F85-E74B-4E13-BC58-10D6799D00B3}.Release|Any CPU.Build.0 = Release|Any CPU
	EndGlobalSection
	GlobalSection(SolutionProperties) = preSolution
		HideSolutionNode = FALSE
	EndGlobalSection
	GlobalSection(ExtensibilityGlobals) = postSolution
		SolutionGuid = {7D58686D-4FB7-4E11-8D4B-1960DC94B9E9}
	EndGlobalSection
EndGlobal
